// !$*UTF8*$!
{
	archiveVersion = 1;
	classes = {
	};
	objectVersion = 46;
	objects = {

/* Begin PBXBuildFile section */
		3F5AB8701AF3C68F004FF0D2 /* UnitListViewController.swift in Sources */ = {isa = PBXBuildFile; fileRef = 3F5AB86F1AF3C68F004FF0D2 /* UnitListViewController.swift */; };
		3F68AD671B0248BC00877D04 /* VocabDetailViewController.swift in Sources */ = {isa = PBXBuildFile; fileRef = 3F68AD661B0248BC00877D04 /* VocabDetailViewController.swift */; };
		3FA7241B1AEFD775000D0CF0 /* AppDelegate.swift in Sources */ = {isa = PBXBuildFile; fileRef = 3FA7241A1AEFD775000D0CF0 /* AppDelegate.swift */; };
		3FA7241D1AEFD775000D0CF0 /* ViewController.swift in Sources */ = {isa = PBXBuildFile; fileRef = 3FA7241C1AEFD775000D0CF0 /* ViewController.swift */; };
		3FA724201AEFD775000D0CF0 /* Main.storyboard in Resources */ = {isa = PBXBuildFile; fileRef = 3FA7241E1AEFD775000D0CF0 /* Main.storyboard */; };
		3FA724221AEFD775000D0CF0 /* Images.xcassets in Resources */ = {isa = PBXBuildFile; fileRef = 3FA724211AEFD775000D0CF0 /* Images.xcassets */; };
		3FA724251AEFD775000D0CF0 /* LaunchScreen.xib in Resources */ = {isa = PBXBuildFile; fileRef = 3FA724231AEFD775000D0CF0 /* LaunchScreen.xib */; };
		3FA724311AEFD775000D0CF0 /* Final_Progect_Vocab_ListTests.swift in Sources */ = {isa = PBXBuildFile; fileRef = 3FA724301AEFD775000D0CF0 /* Final_Progect_Vocab_ListTests.swift */; };
		3FB399E01AF91021003C74D0 /* VocabListViewController.swift in Sources */ = {isa = PBXBuildFile; fileRef = 3FB399DF1AF91021003C74D0 /* VocabListViewController.swift */; };
		3FDEBDAA1B03950E00E7D3BD /* WebViewController.swift in Sources */ = {isa = PBXBuildFile; fileRef = 3FDEBDA91B03950E00E7D3BD /* WebViewController.swift */; };
		3FDEBDAC1B03984600E7D3BD /* default.png in Resources */ = {isa = PBXBuildFile; fileRef = 3FDEBDAB1B03984600E7D3BD /* default.png */; };
/* End PBXBuildFile section */

/* Begin PBXContainerItemProxy section */
		3FA7242B1AEFD775000D0CF0 /* PBXContainerItemProxy */ = {
			isa = PBXContainerItemProxy;
			containerPortal = 3FA7240D1AEFD775000D0CF0 /* Project object */;
			proxyType = 1;
			remoteGlobalIDString = 3FA724141AEFD775000D0CF0;
			remoteInfo = "Final Progect Vocab List";
		};
/* End PBXContainerItemProxy section */

/* Begin PBXFileReference section */
		3F5AB86F1AF3C68F004FF0D2 /* UnitListViewController.swift */ = {isa = PBXFileReference; fileEncoding = 4; lastKnownFileType = sourcecode.swift; path = UnitListViewController.swift; sourceTree = "<group>"; };
		3F68AD661B0248BC00877D04 /* VocabDetailViewController.swift */ = {isa = PBXFileReference; fileEncoding = 4; lastKnownFileType = sourcecode.swift; path = VocabDetailViewController.swift; sourceTree = SOURCE_ROOT; };
		3FA724151AEFD775000D0CF0 /* Final Progect Vocab List.app */ = {isa = PBXFileReference; explicitFileType = wrapper.application; includeInIndex = 0; path = "Final Progect Vocab List.app"; sourceTree = BUILT_PRODUCTS_DIR; };
		3FA724191AEFD775000D0CF0 /* Info.plist */ = {isa = PBXFileReference; lastKnownFileType = text.plist.xml; path = Info.plist; sourceTree = "<group>"; };
		3FA7241A1AEFD775000D0CF0 /* AppDelegate.swift */ = {isa = PBXFileReference; lastKnownFileType = sourcecode.swift; path = AppDelegate.swift; sourceTree = "<group>"; };
		3FA7241C1AEFD775000D0CF0 /* ViewController.swift */ = {isa = PBXFileReference; lastKnownFileType = sourcecode.swift; path = ViewController.swift; sourceTree = "<group>"; };
		3FA7241F1AEFD775000D0CF0 /* Base */ = {isa = PBXFileReference; lastKnownFileType = file.storyboard; name = Base; path = Base.lproj/Main.storyboard; sourceTree = "<group>"; };
		3FA724211AEFD775000D0CF0 /* Images.xcassets */ = {isa = PBXFileReference; lastKnownFileType = folder.assetcatalog; path = Images.xcassets; sourceTree = "<group>"; };
		3FA724241AEFD775000D0CF0 /* Base */ = {isa = PBXFileReference; lastKnownFileType = file.xib; name = Base; path = Base.lproj/LaunchScreen.xib; sourceTree = "<group>"; };
		3FA7242A1AEFD775000D0CF0 /* Final Progect Vocab ListTests.xctest */ = {isa = PBXFileReference; explicitFileType = wrapper.cfbundle; includeInIndex = 0; path = "Final Progect Vocab ListTests.xctest"; sourceTree = BUILT_PRODUCTS_DIR; };
		3FA7242F1AEFD775000D0CF0 /* Info.plist */ = {isa = PBXFileReference; lastKnownFileType = text.plist.xml; path = Info.plist; sourceTree = "<group>"; };
		3FA724301AEFD775000D0CF0 /* Final_Progect_Vocab_ListTests.swift */ = {isa = PBXFileReference; lastKnownFileType = sourcecode.swift; path = Final_Progect_Vocab_ListTests.swift; sourceTree = "<group>"; };
		3FB399DF1AF91021003C74D0 /* VocabListViewController.swift */ = {isa = PBXFileReference; fileEncoding = 4; lastKnownFileType = sourcecode.swift; path = VocabListViewController.swift; sourceTree = SOURCE_ROOT; };
		3FDEBDA91B03950E00E7D3BD /* WebViewController.swift */ = {isa = PBXFileReference; fileEncoding = 4; lastKnownFileType = sourcecode.swift; path = WebViewController.swift; sourceTree = "<group>"; };
		3FDEBDAB1B03984600E7D3BD /* default.png */ = {isa = PBXFileReference; lastKnownFileType = image.png; name = default.png; path = ../../../default.png; sourceTree = "<group>"; };
/* End PBXFileReference section */

/* Begin PBXFrameworksBuildPhase section */
		3FA724121AEFD775000D0CF0 /* Frameworks */ = {
			isa = PBXFrameworksBuildPhase;
			buildActionMask = 2147483647;
			files = (
			);
			runOnlyForDeploymentPostprocessing = 0;
		};
		3FA724271AEFD775000D0CF0 /* Frameworks */ = {
			isa = PBXFrameworksBuildPhase;
			buildActionMask = 2147483647;
			files = (
			);
			runOnlyForDeploymentPostprocessing = 0;
		};
/* End PBXFrameworksBuildPhase section */

/* Begin PBXGroup section */
		3FA7240C1AEFD775000D0CF0 = {
			isa = PBXGroup;
			children = (
				3FA724171AEFD775000D0CF0 /* Final Progect Vocab List */,
				3FA7242D1AEFD775000D0CF0 /* Final Progect Vocab ListTests */,
				3FA724161AEFD775000D0CF0 /* Products */,
			);
			sourceTree = "<group>";
		};
		3FA724161AEFD775000D0CF0 /* Products */ = {
			isa = PBXGroup;
			children = (
				3FA724151AEFD775000D0CF0 /* Final Progect Vocab List.app */,
				3FA7242A1AEFD775000D0CF0 /* Final Progect Vocab ListTests.xctest */,
			);
			name = Products;
			sourceTree = "<group>";
		};
		3FA724171AEFD775000D0CF0 /* Final Progect Vocab List */ = {
			isa = PBXGroup;
			children = (
				3FA7241A1AEFD775000D0CF0 /* AppDelegate.swift */,
				3FA7241C1AEFD775000D0CF0 /* ViewController.swift */,
				3FA7241E1AEFD775000D0CF0 /* Main.storyboard */,
				3F68AD661B0248BC00877D04 /* VocabDetailViewController.swift */,
				3FDEBDA91B03950E00E7D3BD /* WebViewController.swift */,
				3FB399DF1AF91021003C74D0 /* VocabListViewController.swift */,
				3F5AB86F1AF3C68F004FF0D2 /* UnitListViewController.swift */,
				3FA724211AEFD775000D0CF0 /* Images.xcassets */,
				3FDEBDAB1B03984600E7D3BD /* default.png */,
				3FA724231AEFD775000D0CF0 /* LaunchScreen.xib */,
				3FA724181AEFD775000D0CF0 /* Supporting Files */,
			);
			path = "Final Progect Vocab List";
			sourceTree = "<group>";
		};
		3FA724181AEFD775000D0CF0 /* Supporting Files */ = {
			isa = PBXGroup;
			children = (
				3FA724191AEFD775000D0CF0 /* Info.plist */,
			);
			name = "Supporting Files";
			sourceTree = "<group>";
		};
		3FA7242D1AEFD775000D0CF0 /* Final Progect Vocab ListTests */ = {
			isa = PBXGroup;
			children = (
				3FA724301AEFD775000D0CF0 /* Final_Progect_Vocab_ListTests.swift */,
				3FA7242E1AEFD775000D0CF0 /* Supporting Files */,
			);
			path = "Final Progect Vocab ListTests";
			sourceTree = "<group>";
		};
		3FA7242E1AEFD775000D0CF0 /* Supporting Files */ = {
			isa = PBXGroup;
			children = (
				3FA7242F1AEFD775000D0CF0 /* Info.plist */,
			);
			name = "Supporting Files";
			sourceTree = "<group>";
		};
/* End PBXGroup section */

/* Begin PBXNativeTarget section */
		3FA724141AEFD775000D0CF0 /* Final Progect Vocab List */ = {
			isa = PBXNativeTarget;
			buildConfigurationList = 3FA724341AEFD775000D0CF0 /* Build configuration list for PBXNativeTarget "Final Progect Vocab List" */;
			buildPhases = (
				3FA724111AEFD775000D0CF0 /* Sources */,
				3FA724121AEFD775000D0CF0 /* Frameworks */,
				3FA724131AEFD775000D0CF0 /* Resources */,
			);
			buildRules = (
			);
			dependencies = (
			);
			name = "Final Progect Vocab List";
			productName = "Final Progect Vocab List";
			productReference = 3FA724151AEFD775000D0CF0 /* Final Progect Vocab List.app */;
			productType = "com.apple.product-type.application";
		};
		3FA724291AEFD775000D0CF0 /* Final Progect Vocab ListTests */ = {
			isa = PBXNativeTarget;
			buildConfigurationList = 3FA724371AEFD775000D0CF0 /* Build configuration list for PBXNativeTarget "Final Progect Vocab ListTests" */;
			buildPhases = (
				3FA724261AEFD775000D0CF0 /* Sources */,
				3FA724271AEFD775000D0CF0 /* Frameworks */,
				3FA724281AEFD775000D0CF0 /* Resources */,
			);
			buildRules = (
			);
			dependencies = (
				3FA7242C1AEFD775000D0CF0 /* PBXTargetDependency */,
			);
			name = "Final Progect Vocab ListTests";
			productName = "Final Progect Vocab ListTests";
			productReference = 3FA7242A1AEFD775000D0CF0 /* Final Progect Vocab ListTests.xctest */;
			productType = "com.apple.product-type.bundle.unit-test";
		};
/* End PBXNativeTarget section */

/* Begin PBXProject section */
		3FA7240D1AEFD775000D0CF0 /* Project object */ = {
			isa = PBXProject;
			attributes = {
				LastUpgradeCheck = 0620;
				ORGANIZATIONNAME = "Emma Bradford";
				TargetAttributes = {
					3FA724141AEFD775000D0CF0 = {
						CreatedOnToolsVersion = 6.2;
					};
					3FA724291AEFD775000D0CF0 = {
						CreatedOnToolsVersion = 6.2;
						TestTargetID = 3FA724141AEFD775000D0CF0;
					};
				};
			};
			buildConfigurationList = 3FA724101AEFD775000D0CF0 /* Build configuration list for PBXProject "Final Progect Vocab List" */;
			compatibilityVersion = "Xcode 3.2";
			developmentRegion = English;
			hasScannedForEncodings = 0;
			knownRegions = (
				en,
				Base,
			);
			mainGroup = 3FA7240C1AEFD775000D0CF0;
			productRefGroup = 3FA724161AEFD775000D0CF0 /* Products */;
			projectDirPath = "";
			projectRoot = "";
			targets = (
				3FA724141AEFD775000D0CF0 /* Final Progect Vocab List */,
				3FA724291AEFD775000D0CF0 /* Final Progect Vocab ListTests */,
			);
		};
/* End PBXProject section */

/* Begin PBXResourcesBuildPhase section */
		3FA724131AEFD775000D0CF0 /* Resources */ = {
			isa = PBXResourcesBuildPhase;
			buildActionMask = 2147483647;
			files = (
				3FA724201AEFD775000D0CF0 /* Main.storyboard in Resources */,
				3FA724251AEFD775000D0CF0 /* LaunchScreen.xib in Resources */,
				3FDEBDAC1B03984600E7D3BD /* default.png in Resources */,
				3FA724221AEFD775000D0CF0 /* Images.xcassets in Resources */,
			);
			runOnlyForDeploymentPostprocessing = 0;
		};
		3FA724281AEFD775000D0CF0 /* Resources */ = {
			isa = PBXResourcesBuildPhase;
			buildActionMask = 2147483647;
			files = (
			);
			runOnlyForDeploymentPostprocessing = 0;
		};
/* End PBXResourcesBuildPhase section */

/* Begin PBXSourcesBuildPhase section */
		3FA724111AEFD775000D0CF0 /* Sources */ = {
			isa = PBXSourcesBuildPhase;
			buildActionMask = 2147483647;
			files = (
				3FA7241D1AEFD775000D0CF0 /* ViewController.swift in Sources */,
				3FDEBDAA1B03950E00E7D3BD /* WebViewController.swift in Sources */,
				3F68AD671B0248BC00877D04 /* VocabDetailViewController.swift in Sources */,
				3F5AB8701AF3C68F004FF0D2 /* UnitListViewController.swift in Sources */,
				3FB399E01AF91021003C74D0 /* VocabListViewController.swift in Sources */,
				3FA7241B1AEFD775000D0CF0 /* AppDelegate.swift in Sources */,
			);
			runOnlyForDeploymentPostprocessing = 0;
		};
		3FA724261AEFD775000D0CF0 /* Sources */ = {
			isa = PBXSourcesBuildPhase;
			buildActionMask = 2147483647;
			files = (
				3FA724311AEFD775000D0CF0 /* Final_Progect_Vocab_ListTests.swift in Sources */,
			);
			runOnlyForDeploymentPostprocessing = 0;
		};
/* End PBXSourcesBuildPhase section */

/* Begin PBXTargetDependency section */
		3FA7242C1AEFD775000D0CF0 /* PBXTargetDependency */ = {
			isa = PBXTargetDependency;
			target = 3FA724141AEFD775000D0CF0 /* Final Progect Vocab List */;
			targetProxy = 3FA7242B1AEFD775000D0CF0 /* PBXContainerItemProxy */;
		};
/* End PBXTargetDependency section */

/* Begin PBXVariantGroup section */
		3FA7241E1AEFD775000D0CF0 /* Main.storyboard */ = {
			isa = PBXVariantGroup;
			children = (
				3FA7241F1AEFD775000D0CF0 /* Base */,
			);
			name = Main.storyboard;
			sourceTree = "<group>";
		};
		3FA724231AEFD775000D0CF0 /* LaunchScreen.xib */ = {
			isa = PBXVariantGroup;
			children = (
				3FA724241AEFD775000D0CF0 /* Base */,
			);
			name = LaunchScreen.xib;
			sourceTree = "<group>";
		};
/* End PBXVariantGroup section */

/* Begin XCBuildConfiguration section */
		3FA724321AEFD775000D0CF0 /* Debug */ = {
			isa = XCBuildConfiguration;
			buildSettings = {
				ALWAYS_SEARCH_USER_PATHS = NO;
				CLANG_CXX_LANGUAGE_STANDARD = "gnu++0x";
				CLANG_CXX_LIBRARY = "libc++";
				CLANG_ENABLE_MODULES = YES;
				CLANG_ENABLE_OBJC_ARC = YES;
				CLANG_WARN_BOOL_CONVERSION = YES;
				CLANG_WARN_CONSTANT_CONVERSION = YES;
				CLANG_WARN_DIRECT_OBJC_ISA_USAGE = YES_ERROR;
				CLANG_WARN_EMPTY_BODY = YES;
				CLANG_WARN_ENUM_CONVERSION = YES;
				CLANG_WARN_INT_CONVERSION = YES;
				CLANG_WARN_OBJC_ROOT_CLASS = YES_ERROR;
				CLANG_WARN_UNREACHABLE_CODE = YES;
				CLANG_WARN__DUPLICATE_METHOD_MATCH = YES;
				"CODE_SIGN_IDENTITY[sdk=iphoneos*]" = "iPhone Developer";
				COPY_PHASE_STRIP = NO;
				ENABLE_STRICT_OBJC_MSGSEND = YES;
				GCC_C_LANGUAGE_STANDARD = gnu99;
				GCC_DYNAMIC_NO_PIC = NO;
				GCC_OPTIMIZATION_LEVEL = 0;
				GCC_PREPROCESSOR_DEFINITIONS = (
					"DEBUG=1",
					"$(inherited)",
				);
				GCC_SYMBOLS_PRIVATE_EXTERN = NO;
				GCC_WARN_64_TO_32_BIT_CONVERSION = YES;
				GCC_WARN_ABOUT_RETURN_TYPE = YES_ERROR;
				GCC_WARN_UNDECLARED_SELECTOR = YES;
				GCC_WARN_UNINITIALIZED_AUTOS = YES_AGGRESSIVE;
				GCC_WARN_UNUSED_FUNCTION = YES;
				GCC_WARN_UNUSED_VARIABLE = YES;
				IPHONEOS_DEPLOYMENT_TARGET = 8.2;
				MTL_ENABLE_DEBUG_INFO = YES;
				ONLY_ACTIVE_ARCH = YES;
				SDKROOT = iphoneos;
				SWIFT_OPTIMIZATION_LEVEL = "-Onone";
				TARGETED_DEVICE_FAMILY = "1,2";
			};
			name = Debug;
		};
		3FA724331AEFD775000D0CF0 /* Release */ = {
			isa = XCBuildConfiguration;
			buildSettings = {
				ALWAYS_SEARCH_USER_PATHS = NO;
				CLANG_CXX_LANGUAGE_STANDARD = "gnu++0x";
				CLANG_CXX_LIBRARY = "libc++";
				CLANG_ENABLE_MODULES = YES;
				CLANG_ENABLE_OBJC_ARC = YES;
				CLANG_WARN_BOOL_CONVERSION = YES;
				CLANG_WARN_CONSTANT_CONVERSION = YES;
				CLANG_WARN_DIRECT_OBJC_ISA_USAGE = YES_ERROR;
				CLANG_WARN_EMPTY_BODY = YES;
				CLANG_WARN_ENUM_CONVERSION = YES;
				CLANG_WARN_INT_CONVERSION = YES;
				CLANG_WARN_OBJC_ROOT_CLASS = YES_ERROR;
				CLANG_WARN_UNREACHABLE_CODE = YES;
				CLANG_WARN__DUPLICATE_METHOD_MATCH = YES;
				"CODE_SIGN_IDENTITY[sdk=iphoneos*]" = "iPhone Developer";
				COPY_PHASE_STRIP = NO;
				ENABLE_NS_ASSERTIONS = NO;
				ENABLE_STRICT_OBJC_MSGSEND = YES;
				GCC_C_LANGUAGE_STANDARD = gnu99;
				GCC_WARN_64_TO_32_BIT_CONVERSION = YES;
				GCC_WARN_ABOUT_RETURN_TYPE = YES_ERROR;
				GCC_WARN_UNDECLARED_SELECTOR = YES;
				GCC_WARN_UNINITIALIZED_AUTOS = YES_AGGRESSIVE;
				GCC_WARN_UNUSED_FUNCTION = YES;
				GCC_WARN_UNUSED_VARIABLE = YES;
				IPHONEOS_DEPLOYMENT_TARGET = 8.2;
				MTL_ENABLE_DEBUG_INFO = NO;
				SDKROOT = iphoneos;
				TARGETED_DEVICE_FAMILY = "1,2";
				VALIDATE_PRODUCT = YES;
			};
			name = Release;
		};
		3FA724351AEFD775000D0CF0 /* Debug */ = {
			isa = XCBuildConfiguration;
			buildSettings = {
				ASSETCATALOG_COMPILER_APPICON_NAME = AppIcon;
				INFOPLIST_FILE = "Final Progect Vocab List/Info.plist";
				LD_RUNPATH_SEARCH_PATHS = "$(inherited) @executable_path/Frameworks";
				PRODUCT_NAME = "$(TARGET_NAME)";
			};
			name = Debug;
		};
		3FA724361AEFD775000D0CF0 /* Release */ = {
			isa = XCBuildConfiguration;
			buildSettings = {
				ASSETCATALOG_COMPILER_APPICON_NAME = AppIcon;
				INFOPLIST_FILE = "Final Progect Vocab List/Info.plist";
				LD_RUNPATH_SEARCH_PATHS = "$(inherited) @executable_path/Frameworks";
				PRODUCT_NAME = "$(TARGET_NAME)";
			};
			name = Release;
		};
		3FA724381AEFD775000D0CF0 /* Debug */ = {
			isa = XCBuildConfiguration;
			buildSettings = {
				BUNDLE_LOADER = "$(TEST_HOST)";
				FRAMEWORK_SEARCH_PATHS = (
					"$(SDKROOT)/Developer/Library/Frameworks",
					"$(inherited)",
				);
				GCC_PREPROCESSOR_DEFINITIONS = (
					"DEBUG=1",
					"$(inherited)",
				);
				INFOPLIST_FILE = "Final Progect Vocab ListTests/Info.plist";
				LD_RUNPATH_SEARCH_PATHS = "$(inherited) @executable_path/Frameworks @loader_path/Frameworks";
				PRODUCT_NAME = "$(TARGET_NAME)";
				TEST_HOST = "$(BUILT_PRODUCTS_DIR)/Final Progect Vocab List.app/Final Progect Vocab List";
			};
			name = Debug;
		};
		3FA724391AEFD775000D0CF0 /* Release */ = {
			isa = XCBuildConfiguration;
			buildSettings = {
				BUNDLE_LOADER = "$(TEST_HOST)";
				FRAMEWORK_SEARCH_PATHS = (
					"$(SDKROOT)/Developer/Library/Frameworks",
					"$(inherited)",
				);
				INFOPLIST_FILE = "Final Progect Vocab ListTests/Info.plist";
				LD_RUNPATH_SEARCH_PATHS = "$(inherited) @executable_path/Frameworks @loader_path/Frameworks";
				PRODUCT_NAME = "$(TARGET_NAME)";
				TEST_HOST = "$(BUILT_PRODUCTS_DIR)/Final Progect Vocab List.app/Final Progect Vocab List";
			};
			name = Release;
		};
/* End XCBuildConfiguration section */

/* Begin XCConfigurationList section */
		3FA724101AEFD775000D0CF0 /* Build configuration list for PBXProject "Final Progect Vocab List" */ = {
			isa = XCConfigurationList;
			buildConfigurations = (
				3FA724321AEFD775000D0CF0 /* Debug */,
				3FA724331AEFD775000D0CF0 /* Release */,
			);
			defaultConfigurationIsVisible = 0;
			defaultConfigurationName = Release;
		};
		3FA724341AEFD775000D0CF0 /* Build configuration list for PBXNativeTarget "Final Progect Vocab List" */ = {
			isa = XCConfigurationList;
			buildConfigurations = (
				3FA724351AEFD775000D0CF0 /* Debug */,
				3FA724361AEFD775000D0CF0 /* Release */,
			);
			defaultConfigurationIsVisible = 0;
			defaultConfigurationName = Release;
		};
		3FA724371AEFD775000D0CF0 /* Build configuration list for PBXNativeTarget "Final Progect Vocab ListTests" */ = {
			isa = XCConfigurationList;
			buildConfigurations = (
				3FA724381AEFD775000D0CF0 /* Debug */,
				3FA724391AEFD775000D0CF0 /* Release */,
			);
			defaultConfigurationIsVisible = 0;
			defaultConfigurationName = Release;
		};
/* End XCConfigurationList section */
	};
	rootObject = 3FA7240D1AEFD775000D0CF0 /* Project object */;
}
